
Microsoft Visual Studio Solution File, Format Version 12.00
# Visual Studio Version 17
VisualStudioVersion = 17.8.34408.163
MinimumVisualStudioVersion = 10.0.40219.1
Project("{FAE04EC0-301F-11D3-BF4B-00C04F79EFBC}") = "Task1", "Task1\Task1.csproj", "{A19E4698-087F-4D91-B3AC-45A979E19351}"
EndProject
Project("{FAE04EC0-301F-11D3-BF4B-00C04F79EFBC}") = "Core", "Core\Core.csproj", "{EB59ACC6-7898-4867-BD46-139BEFA87FC5}"
EndProject
Global
	GlobalSection(SolutionConfigurationPlatforms) = preSolution
		Debug|Any CPU = Debug|Any CPU
		Release|Any CPU = Release|Any CPU
	EndGlobalSection
	GlobalSection(ProjectConfigurationPlatforms) = postSolution
		{A19E4698-087F-4D91-B3AC-45A979E19351}.Debug|Any CPU.ActiveCfg = Debug|Any CPU
		{A19E4698-087F-4D91-B3AC-45A979E19351}.Debug|Any CPU.Build.0 = Debug|Any CPU
		{A19E4698-087F-4D91-B3AC-45A979E19351}.Release|Any CPU.ActiveCfg = Release|Any CPU
		{A19E4698-087F-4D91-B3AC-45A979E19351}.Release|Any CPU.Build.0 = Release|Any CPU
		{EB59ACC6-7898-4867-BD46-139BEFA87FC5}.Debug|Any CPU.ActiveCfg = Debug|Any CPU
		{EB59ACC6-7898-4867-BD46-139BEFA87FC5}.Debug|Any CPU.Build.0 = Debug|Any CPU
		{EB59ACC6-7898-4867-BD46-139BEFA87FC5}.Release|Any CPU.ActiveCfg = Release|Any CPU
		{EB59ACC6-7898-4867-BD46-139BEFA87FC5}.Release|Any CPU.Build.0 = Release|Any CPU
	EndGlobalSection
	GlobalSection(SolutionProperties) = preSolution
		HideSolutionNode = FALSE
	EndGlobalSection
	GlobalSection(ExtensibilityGlobals) = postSolution
		SolutionGuid = {36321EF0-1612-4130-83A4-7B63B60179C2}
	EndGlobalSection
EndGlobal
