
Microsoft Visual Studio Solution File, Format Version 12.00
# Visual Studio Version 17
VisualStudioVersion = 17.8.34408.163
MinimumVisualStudioVersion = 10.0.40219.1
Project("{9A19103F-16F7-4668-BE54-9A1E7A4F7556}") = "Task2", "Task2\Task2.csproj", "{FAC4AF33-2A75-4423-95CC-8D9CCC38AA82}"
EndProject
Project("{FAE04EC0-301F-11D3-BF4B-00C04F79EFBC}") = "Core", "Core\Core.csproj", "{3C231FF3-37C1-42FF-9F3A-131DBE9268A4}"
EndProject
Global
	GlobalSection(SolutionConfigurationPlatforms) = preSolution
		Debug|Any CPU = Debug|Any CPU
		Release|Any CPU = Release|Any CPU
	EndGlobalSection
	GlobalSection(ProjectConfigurationPlatforms) = postSolution
		{FAC4AF33-2A75-4423-95CC-8D9CCC38AA82}.Debug|Any CPU.ActiveCfg = Debug|Any CPU
		{FAC4AF33-2A75-4423-95CC-8D9CCC38AA82}.Debug|Any CPU.Build.0 = Debug|Any CPU
		{FAC4AF33-2A75-4423-95CC-8D9CCC38AA82}.Release|Any CPU.ActiveCfg = Release|Any CPU
		{FAC4AF33-2A75-4423-95CC-8D9CCC38AA82}.Release|Any CPU.Build.0 = Release|Any CPU
		{3C231FF3-37C1-42FF-9F3A-131DBE9268A4}.Debug|Any CPU.ActiveCfg = Debug|Any CPU
		{3C231FF3-37C1-42FF-9F3A-131DBE9268A4}.Debug|Any CPU.Build.0 = Debug|Any CPU
		{3C231FF3-37C1-42FF-9F3A-131DBE9268A4}.Release|Any CPU.ActiveCfg = Release|Any CPU
		{3C231FF3-37C1-42FF-9F3A-131DBE9268A4}.Release|Any CPU.Build.0 = Release|Any CPU
	EndGlobalSection
	GlobalSection(SolutionProperties) = preSolution
		HideSolutionNode = FALSE
	EndGlobalSection
	GlobalSection(ExtensibilityGlobals) = postSolution
		SolutionGuid = {6E322820-2AF1-48E3-8CA9-E246C8BFA199}
	EndGlobalSection
EndGlobal
